// !$*UTF8*$!
{
	archiveVersion = 1;
	classes = {
	};
	objectVersion = 56;
	objects = {

/* Begin PBXBuildFile section */
		C17E1FDF2AE3A14B000FE915 /* Typealians.swift in Sources */ = {isa = PBXBuildFile; fileRef = C17E1FDE2AE3A14B000FE915 /* Typealians.swift */; };
		C17E1FE42AE3A3B4000FE915 /* CashboxTableCell.swift in Sources */ = {isa = PBXBuildFile; fileRef = C17E1FE32AE3A3B4000FE915 /* CashboxTableCell.swift */; };
		C17E1FE62AE3A426000FE915 /* BaseTableViewCell.swift in Sources */ = {isa = PBXBuildFile; fileRef = C17E1FE52AE3A426000FE915 /* BaseTableViewCell.swift */; };
		C17E1FE92AE3B38A000FE915 /* CashboxModel.swift in Sources */ = {isa = PBXBuildFile; fileRef = C17E1FE82AE3B38A000FE915 /* CashboxModel.swift */; };
		C17E1FEC2AE3B5DD000FE915 /* Session.swift in Sources */ = {isa = PBXBuildFile; fileRef = C17E1FEB2AE3B5DD000FE915 /* Session.swift */; };
		C17E1FEE2AE3B82F000FE915 /* DebtModel.swift in Sources */ = {isa = PBXBuildFile; fileRef = C17E1FED2AE3B82F000FE915 /* DebtModel.swift */; };
		C17E1FF32AE40092000FE915 /* AddCustomerViewController.swift in Sources */ = {isa = PBXBuildFile; fileRef = C17E1FF22AE40092000FE915 /* AddCustomerViewController.swift */; };
		C17E1FF52AE400A8000FE915 /* AddCustomerViewModel.swift in Sources */ = {isa = PBXBuildFile; fileRef = C17E1FF42AE400A8000FE915 /* AddCustomerViewModel.swift */; };
		C184C7DD2AEE4CC000153BD9 /* CashboxTotalAmountView.swift in Sources */ = {isa = PBXBuildFile; fileRef = C184C7DC2AEE4CC000153BD9 /* CashboxTotalAmountView.swift */; };
		C1A705392AE8FF8300903CA7 /* UIView+Ext.swift in Sources */ = {isa = PBXBuildFile; fileRef = C1A705382AE8FF8300903CA7 /* UIView+Ext.swift */; };
		C1A7053C2AE926D500903CA7 /* DebtDetailViewController.swift in Sources */ = {isa = PBXBuildFile; fileRef = C1A7053B2AE926D500903CA7 /* DebtDetailViewController.swift */; };
		C1A7053E2AE926E700903CA7 /* DebtDetailViewModel.swift in Sources */ = {isa = PBXBuildFile; fileRef = C1A7053D2AE926E700903CA7 /* DebtDetailViewModel.swift */; };
		C1A705402AE927B300903CA7 /* DebtDetailTableCell.swift in Sources */ = {isa = PBXBuildFile; fileRef = C1A7053F2AE927B300903CA7 /* DebtDetailTableCell.swift */; };
		C1A705422AE92AF800903CA7 /* DebtDetailModel.swift in Sources */ = {isa = PBXBuildFile; fileRef = C1A705412AE92AF800903CA7 /* DebtDetailModel.swift */; };
		C1A705462AE945BE00903CA7 /* DebtDetailTableFooter.swift in Sources */ = {isa = PBXBuildFile; fileRef = C1A705452AE945BE00903CA7 /* DebtDetailTableFooter.swift */; };
		C1DCF5D92AE2D731008D1A84 /* AppDelegate.swift in Sources */ = {isa = PBXBuildFile; fileRef = C1DCF5D82AE2D731008D1A84 /* AppDelegate.swift */; };
		C1DCF5DB2AE2D731008D1A84 /* SceneDelegate.swift in Sources */ = {isa = PBXBuildFile; fileRef = C1DCF5DA2AE2D731008D1A84 /* SceneDelegate.swift */; };
		C1DCF5DD2AE2D731008D1A84 /* CustomTabBarController.swift in Sources */ = {isa = PBXBuildFile; fileRef = C1DCF5DC2AE2D731008D1A84 /* CustomTabBarController.swift */; };
		C1DCF5E22AE2D732008D1A84 /* Assets.xcassets in Resources */ = {isa = PBXBuildFile; fileRef = C1DCF5E12AE2D732008D1A84 /* Assets.xcassets */; };
		C1DCF5E52AE2D732008D1A84 /* LaunchScreen.storyboard in Resources */ = {isa = PBXBuildFile; fileRef = C1DCF5E32AE2D732008D1A84 /* LaunchScreen.storyboard */; };
		C1DCF6122AE2E5F4008D1A84 /* CashboxViewController.swift in Sources */ = {isa = PBXBuildFile; fileRef = C1DCF6112AE2E5F4008D1A84 /* CashboxViewController.swift */; };
		C1DCF6142AE2EA4E008D1A84 /* DebtViewController.swift in Sources */ = {isa = PBXBuildFile; fileRef = C1DCF6132AE2EA4E008D1A84 /* DebtViewController.swift */; };
		C1DCF6162AE2EA80008D1A84 /* CustomersViewController.swift in Sources */ = {isa = PBXBuildFile; fileRef = C1DCF6152AE2EA80008D1A84 /* CustomersViewController.swift */; };
		C1DCF6182AE2EAA6008D1A84 /* SettingsViewController.swift in Sources */ = {isa = PBXBuildFile; fileRef = C1DCF6172AE2EAA6008D1A84 /* SettingsViewController.swift */; };
		C1DCF61A2AE2ED21008D1A84 /* CashboxViewModel.swift in Sources */ = {isa = PBXBuildFile; fileRef = C1DCF6192AE2ED21008D1A84 /* CashboxViewModel.swift */; };
		C1DCF61C2AE2EDF7008D1A84 /* DebtViewModel.swift in Sources */ = {isa = PBXBuildFile; fileRef = C1DCF61B2AE2EDF7008D1A84 /* DebtViewModel.swift */; };
		C1DCF61E2AE2EE16008D1A84 /* CustomersViewModel.swift in Sources */ = {isa = PBXBuildFile; fileRef = C1DCF61D2AE2EE16008D1A84 /* CustomersViewModel.swift */; };
		C1DCF6202AE2EE32008D1A84 /* SettingsViewModel.swift in Sources */ = {isa = PBXBuildFile; fileRef = C1DCF61F2AE2EE32008D1A84 /* SettingsViewModel.swift */; };
		C1E188B92AED013200E50887 /* UIView+Stacking.swift in Sources */ = {isa = PBXBuildFile; fileRef = C1DCF60C2AE2E56C008D1A84 /* UIView+Stacking.swift */; };
		C1E188BA2AED013200E50887 /* CircleAnimationKit.swift in Sources */ = {isa = PBXBuildFile; fileRef = C1DCF60A2AE2E56C008D1A84 /* CircleAnimationKit.swift */; };
		C1E188BB2AED013200E50887 /* UIStackView.swift in Sources */ = {isa = PBXBuildFile; fileRef = C1DCF6092AE2E56C008D1A84 /* UIStackView.swift */; };
		C1E188BC2AED013200E50887 /* AnchorKit.swift in Sources */ = {isa = PBXBuildFile; fileRef = C1DCF60B2AE2E56C008D1A84 /* AnchorKit.swift */; };
		C1E188BE2AED07D700E50887 /* CashboxDataModel.swift in Sources */ = {isa = PBXBuildFile; fileRef = C1E188BD2AED07D700E50887 /* CashboxDataModel.swift */; };
		C1F6CE342AE7E84E00D18D76 /* UIImage+Ext.swift in Sources */ = {isa = PBXBuildFile; fileRef = C1F6CE332AE7E84E00D18D76 /* UIImage+Ext.swift */; };
		C1F6CE362AE7EDA900D18D76 /* DebtTableCell.swift in Sources */ = {isa = PBXBuildFile; fileRef = C1F6CE352AE7EDA900D18D76 /* DebtTableCell.swift */; };
		C1F94A502AE817C1001D6925 /* CustomerModel.swift in Sources */ = {isa = PBXBuildFile; fileRef = C1F94A4F2AE817C1001D6925 /* CustomerModel.swift */; };
		C1F94A542AE82396001D6925 /* CustomTextField.swift in Sources */ = {isa = PBXBuildFile; fileRef = C1F94A532AE82396001D6925 /* CustomTextField.swift */; };
		C1F94A562AE823C4001D6925 /* BaseView.swift in Sources */ = {isa = PBXBuildFile; fileRef = C1F94A552AE823C4001D6925 /* BaseView.swift */; };
		C1F94A582AE8468D001D6925 /* SettingsTableHeader.swift in Sources */ = {isa = PBXBuildFile; fileRef = C1F94A572AE8468D001D6925 /* SettingsTableHeader.swift */; };
		C1F94A5A2AE847C4001D6925 /* SettingsTableCell.swift in Sources */ = {isa = PBXBuildFile; fileRef = C1F94A592AE847C4001D6925 /* SettingsTableCell.swift */; };
		C1F94A5C2AE84B14001D6925 /* SettingsModel.swift in Sources */ = {isa = PBXBuildFile; fileRef = C1F94A5B2AE84B14001D6925 /* SettingsModel.swift */; };
		C1FB7CB22AE66033005A1A45 /* CustomerTableCell.swift in Sources */ = {isa = PBXBuildFile; fileRef = C1FB7CB12AE66033005A1A45 /* CustomerTableCell.swift */; };
		C1FB7CB72AE6659F005A1A45 /* UIColor+Ext.swift in Sources */ = {isa = PBXBuildFile; fileRef = C1FB7CB62AE6659F005A1A45 /* UIColor+Ext.swift */; };
		C1FB7CB92AE69034005A1A45 /* AddDebtViewController.swift in Sources */ = {isa = PBXBuildFile; fileRef = C1FB7CB82AE69034005A1A45 /* AddDebtViewController.swift */; };
		C1FB7CBB2AE6907B005A1A45 /* AddDebtViewModel.swift in Sources */ = {isa = PBXBuildFile; fileRef = C1FB7CBA2AE6907B005A1A45 /* AddDebtViewModel.swift */; };
		C1FB7CBE2AE6A054005A1A45 /* UITextField+Ext.swift in Sources */ = {isa = PBXBuildFile; fileRef = C1FB7CBD2AE6A054005A1A45 /* UITextField+Ext.swift */; };
/* End PBXBuildFile section */

/* Begin PBXFileReference section */
		C17E1FDE2AE3A14B000FE915 /* Typealians.swift */ = {isa = PBXFileReference; lastKnownFileType = sourcecode.swift; path = Typealians.swift; sourceTree = "<group>"; };
		C17E1FE32AE3A3B4000FE915 /* CashboxTableCell.swift */ = {isa = PBXFileReference; lastKnownFileType = sourcecode.swift; path = CashboxTableCell.swift; sourceTree = "<group>"; };
		C17E1FE52AE3A426000FE915 /* BaseTableViewCell.swift */ = {isa = PBXFileReference; lastKnownFileType = sourcecode.swift; path = BaseTableViewCell.swift; sourceTree = "<group>"; };
		C17E1FE82AE3B38A000FE915 /* CashboxModel.swift */ = {isa = PBXFileReference; lastKnownFileType = sourcecode.swift; path = CashboxModel.swift; sourceTree = "<group>"; };
		C17E1FEB2AE3B5DD000FE915 /* Session.swift */ = {isa = PBXFileReference; lastKnownFileType = sourcecode.swift; path = Session.swift; sourceTree = "<group>"; };
		C17E1FED2AE3B82F000FE915 /* DebtModel.swift */ = {isa = PBXFileReference; lastKnownFileType = sourcecode.swift; path = DebtModel.swift; sourceTree = "<group>"; };
		C17E1FF22AE40092000FE915 /* AddCustomerViewController.swift */ = {isa = PBXFileReference; lastKnownFileType = sourcecode.swift; path = AddCustomerViewController.swift; sourceTree = "<group>"; };
		C17E1FF42AE400A8000FE915 /* AddCustomerViewModel.swift */ = {isa = PBXFileReference; lastKnownFileType = sourcecode.swift; path = AddCustomerViewModel.swift; sourceTree = "<group>"; };
		C184C7DC2AEE4CC000153BD9 /* CashboxTotalAmountView.swift */ = {isa = PBXFileReference; lastKnownFileType = sourcecode.swift; path = CashboxTotalAmountView.swift; sourceTree = "<group>"; };
		C1A705382AE8FF8300903CA7 /* UIView+Ext.swift */ = {isa = PBXFileReference; lastKnownFileType = sourcecode.swift; path = "UIView+Ext.swift"; sourceTree = "<group>"; };
		C1A7053B2AE926D500903CA7 /* DebtDetailViewController.swift */ = {isa = PBXFileReference; lastKnownFileType = sourcecode.swift; path = DebtDetailViewController.swift; sourceTree = "<group>"; };
		C1A7053D2AE926E700903CA7 /* DebtDetailViewModel.swift */ = {isa = PBXFileReference; lastKnownFileType = sourcecode.swift; path = DebtDetailViewModel.swift; sourceTree = "<group>"; };
		C1A7053F2AE927B300903CA7 /* DebtDetailTableCell.swift */ = {isa = PBXFileReference; lastKnownFileType = sourcecode.swift; path = DebtDetailTableCell.swift; sourceTree = "<group>"; };
		C1A705412AE92AF800903CA7 /* DebtDetailModel.swift */ = {isa = PBXFileReference; lastKnownFileType = sourcecode.swift; path = DebtDetailModel.swift; sourceTree = "<group>"; };
		C1A705452AE945BE00903CA7 /* DebtDetailTableFooter.swift */ = {isa = PBXFileReference; lastKnownFileType = sourcecode.swift; path = DebtDetailTableFooter.swift; sourceTree = "<group>"; };
		C1DCF5D52AE2D731008D1A84 /* Expenses.app */ = {isa = PBXFileReference; explicitFileType = wrapper.application; includeInIndex = 0; path = Expenses.app; sourceTree = BUILT_PRODUCTS_DIR; };
		C1DCF5D82AE2D731008D1A84 /* AppDelegate.swift */ = {isa = PBXFileReference; lastKnownFileType = sourcecode.swift; path = AppDelegate.swift; sourceTree = "<group>"; };
		C1DCF5DA2AE2D731008D1A84 /* SceneDelegate.swift */ = {isa = PBXFileReference; lastKnownFileType = sourcecode.swift; path = SceneDelegate.swift; sourceTree = "<group>"; };
		C1DCF5DC2AE2D731008D1A84 /* CustomTabBarController.swift */ = {isa = PBXFileReference; lastKnownFileType = sourcecode.swift; path = CustomTabBarController.swift; sourceTree = "<group>"; };
		C1DCF5E12AE2D732008D1A84 /* Assets.xcassets */ = {isa = PBXFileReference; lastKnownFileType = folder.assetcatalog; path = Assets.xcassets; sourceTree = "<group>"; };
		C1DCF5E42AE2D732008D1A84 /* Base */ = {isa = PBXFileReference; lastKnownFileType = file.storyboard; name = Base; path = Base.lproj/LaunchScreen.storyboard; sourceTree = "<group>"; };
		C1DCF5E62AE2D732008D1A84 /* Info.plist */ = {isa = PBXFileReference; lastKnownFileType = text.plist.xml; path = Info.plist; sourceTree = "<group>"; };
		C1DCF6092AE2E56C008D1A84 /* UIStackView.swift */ = {isa = PBXFileReference; fileEncoding = 4; lastKnownFileType = sourcecode.swift; path = UIStackView.swift; sourceTree = "<group>"; };
		C1DCF60A2AE2E56C008D1A84 /* CircleAnimationKit.swift */ = {isa = PBXFileReference; fileEncoding = 4; lastKnownFileType = sourcecode.swift; path = CircleAnimationKit.swift; sourceTree = "<group>"; };
		C1DCF60B2AE2E56C008D1A84 /* AnchorKit.swift */ = {isa = PBXFileReference; fileEncoding = 4; lastKnownFileType = sourcecode.swift; path = AnchorKit.swift; sourceTree = "<group>"; };
		C1DCF60C2AE2E56C008D1A84 /* UIView+Stacking.swift */ = {isa = PBXFileReference; fileEncoding = 4; lastKnownFileType = sourcecode.swift; path = "UIView+Stacking.swift"; sourceTree = "<group>"; };
		C1DCF6112AE2E5F4008D1A84 /* CashboxViewController.swift */ = {isa = PBXFileReference; lastKnownFileType = sourcecode.swift; path = CashboxViewController.swift; sourceTree = "<group>"; };
		C1DCF6132AE2EA4E008D1A84 /* DebtViewController.swift */ = {isa = PBXFileReference; lastKnownFileType = sourcecode.swift; path = DebtViewController.swift; sourceTree = "<group>"; };
		C1DCF6152AE2EA80008D1A84 /* CustomersViewController.swift */ = {isa = PBXFileReference; lastKnownFileType = sourcecode.swift; path = CustomersViewController.swift; sourceTree = "<group>"; };
		C1DCF6172AE2EAA6008D1A84 /* SettingsViewController.swift */ = {isa = PBXFileReference; lastKnownFileType = sourcecode.swift; path = SettingsViewController.swift; sourceTree = "<group>"; };
		C1DCF6192AE2ED21008D1A84 /* CashboxViewModel.swift */ = {isa = PBXFileReference; lastKnownFileType = sourcecode.swift; path = CashboxViewModel.swift; sourceTree = "<group>"; };
		C1DCF61B2AE2EDF7008D1A84 /* DebtViewModel.swift */ = {isa = PBXFileReference; lastKnownFileType = sourcecode.swift; path = DebtViewModel.swift; sourceTree = "<group>"; };
		C1DCF61D2AE2EE16008D1A84 /* CustomersViewModel.swift */ = {isa = PBXFileReference; lastKnownFileType = sourcecode.swift; path = CustomersViewModel.swift; sourceTree = "<group>"; };
		C1DCF61F2AE2EE32008D1A84 /* SettingsViewModel.swift */ = {isa = PBXFileReference; lastKnownFileType = sourcecode.swift; path = SettingsViewModel.swift; sourceTree = "<group>"; };
		C1E188BD2AED07D700E50887 /* CashboxDataModel.swift */ = {isa = PBXFileReference; lastKnownFileType = sourcecode.swift; path = CashboxDataModel.swift; sourceTree = "<group>"; };
		C1F6CE332AE7E84E00D18D76 /* UIImage+Ext.swift */ = {isa = PBXFileReference; lastKnownFileType = sourcecode.swift; path = "UIImage+Ext.swift"; sourceTree = "<group>"; };
		C1F6CE352AE7EDA900D18D76 /* DebtTableCell.swift */ = {isa = PBXFileReference; lastKnownFileType = sourcecode.swift; path = DebtTableCell.swift; sourceTree = "<group>"; };
		C1F94A4F2AE817C1001D6925 /* CustomerModel.swift */ = {isa = PBXFileReference; lastKnownFileType = sourcecode.swift; path = CustomerModel.swift; sourceTree = "<group>"; };
		C1F94A532AE82396001D6925 /* CustomTextField.swift */ = {isa = PBXFileReference; lastKnownFileType = sourcecode.swift; path = CustomTextField.swift; sourceTree = "<group>"; };
		C1F94A552AE823C4001D6925 /* BaseView.swift */ = {isa = PBXFileReference; lastKnownFileType = sourcecode.swift; path = BaseView.swift; sourceTree = "<group>"; };
		C1F94A572AE8468D001D6925 /* SettingsTableHeader.swift */ = {isa = PBXFileReference; lastKnownFileType = sourcecode.swift; path = SettingsTableHeader.swift; sourceTree = "<group>"; };
		C1F94A592AE847C4001D6925 /* SettingsTableCell.swift */ = {isa = PBXFileReference; lastKnownFileType = sourcecode.swift; path = SettingsTableCell.swift; sourceTree = "<group>"; };
		C1F94A5B2AE84B14001D6925 /* SettingsModel.swift */ = {isa = PBXFileReference; lastKnownFileType = sourcecode.swift; path = SettingsModel.swift; sourceTree = "<group>"; };
		C1FB7CB12AE66033005A1A45 /* CustomerTableCell.swift */ = {isa = PBXFileReference; lastKnownFileType = sourcecode.swift; path = CustomerTableCell.swift; sourceTree = "<group>"; };
		C1FB7CB62AE6659F005A1A45 /* UIColor+Ext.swift */ = {isa = PBXFileReference; lastKnownFileType = sourcecode.swift; path = "UIColor+Ext.swift"; sourceTree = "<group>"; };
		C1FB7CB82AE69034005A1A45 /* AddDebtViewController.swift */ = {isa = PBXFileReference; lastKnownFileType = sourcecode.swift; path = AddDebtViewController.swift; sourceTree = "<group>"; };
		C1FB7CBA2AE6907B005A1A45 /* AddDebtViewModel.swift */ = {isa = PBXFileReference; lastKnownFileType = sourcecode.swift; path = AddDebtViewModel.swift; sourceTree = "<group>"; };
		C1FB7CBD2AE6A054005A1A45 /* UITextField+Ext.swift */ = {isa = PBXFileReference; lastKnownFileType = sourcecode.swift; path = "UITextField+Ext.swift"; sourceTree = "<group>"; };
/* End PBXFileReference section */

/* Begin PBXFrameworksBuildPhase section */
		C1DCF5D22AE2D731008D1A84 /* Frameworks */ = {
			isa = PBXFrameworksBuildPhase;
			buildActionMask = 2147483647;
			files = (
			);
			runOnlyForDeploymentPostprocessing = 0;
		};
/* End PBXFrameworksBuildPhase section */

/* Begin PBXGroup section */
		C17E1FDB2AE3A0A0000FE915 /* Typealians */ = {
			isa = PBXGroup;
			children = (
				C17E1FDE2AE3A14B000FE915 /* Typealians.swift */,
			);
			path = Typealians;
			sourceTree = "<group>";
		};
		C17E1FEA2AE3B5D3000FE915 /* Session */ = {
			isa = PBXGroup;
			children = (
				C17E1FEB2AE3B5DD000FE915 /* Session.swift */,
			);
			path = Session;
			sourceTree = "<group>";
		};
		C17E1FF12AE3FF7A000FE915 /* Userdefault */ = {
			isa = PBXGroup;
			children = (
			);
			path = Userdefault;
			sourceTree = "<group>";
		};
		C1A7053A2AE8FF8900903CA7 /* UIView */ = {
			isa = PBXGroup;
			children = (
				C1A705382AE8FF8300903CA7 /* UIView+Ext.swift */,
			);
			path = UIView;
			sourceTree = "<group>";
		};
		C1DCF5CC2AE2D731008D1A84 = {
			isa = PBXGroup;
			children = (
				C1DCF5D72AE2D731008D1A84 /* Expenses */,
				C1DCF5D62AE2D731008D1A84 /* Products */,
			);
			sourceTree = "<group>";
		};
		C1DCF5D62AE2D731008D1A84 /* Products */ = {
			isa = PBXGroup;
			children = (
				C1DCF5D52AE2D731008D1A84 /* Expenses.app */,
			);
			name = Products;
			sourceTree = "<group>";
		};
		C1DCF5D72AE2D731008D1A84 /* Expenses */ = {
			isa = PBXGroup;
			children = (
				C1DCF5ED2AE2D84E008D1A84 /* Present */,
				C1DCF5F22AE2E2F2008D1A84 /* Data */,
				C1DCF5EC2AE2D749008D1A84 /* App */,
			);
			path = Expenses;
			sourceTree = "<group>";
		};
		C1DCF5EC2AE2D749008D1A84 /* App */ = {
			isa = PBXGroup;
			children = (
				C1DCF5D82AE2D731008D1A84 /* AppDelegate.swift */,
				C1DCF5DA2AE2D731008D1A84 /* SceneDelegate.swift */,
				C1DCF5E12AE2D732008D1A84 /* Assets.xcassets */,
				C1DCF5E32AE2D732008D1A84 /* LaunchScreen.storyboard */,
				C1DCF5E62AE2D732008D1A84 /* Info.plist */,
			);
			path = App;
			sourceTree = "<group>";
		};
		C1DCF5ED2AE2D84E008D1A84 /* Present */ = {
			isa = PBXGroup;
			children = (
				C1DCF5F52AE2E3E5008D1A84 /* Base */,
				C1DCF5EE2AE2E1B6008D1A84 /* Cashbox */,
				C1DCF5F12AE2E270008D1A84 /* Debts */,
				C1DCF5F02AE2E1FB008D1A84 /* Customers */,
				C1DCF5EF2AE2E1F4008D1A84 /* Settings */,
				C1DCF5F32AE2E32B008D1A84 /* Components */,
			);
			path = Present;
			sourceTree = "<group>";
		};
		C1DCF5EE2AE2E1B6008D1A84 /* Cashbox */ = {
			isa = PBXGroup;
			children = (
				C1DCF5F82AE2E423008D1A84 /* Controller */,
				C1DCF5F72AE2E419008D1A84 /* ViewModel */,
				C1DCF5F92AE2E46E008D1A84 /* View */,
				C1DCF5F62AE2E412008D1A84 /* Model */,
			);
			path = Cashbox;
			sourceTree = "<group>";
		};
		C1DCF5EF2AE2E1F4008D1A84 /* Settings */ = {
			isa = PBXGroup;
			children = (
				C1DCF6052AE2E4ED008D1A84 /* Controller */,
				C1DCF6042AE2E4E7008D1A84 /* ViewModel */,
				C1DCF6032AE2E4E3008D1A84 /* View */,
				C1DCF6022AE2E4DE008D1A84 /* Model */,
			);
			path = Settings;
			sourceTree = "<group>";
		};
		C1DCF5F02AE2E1FB008D1A84 /* Customers */ = {
			isa = PBXGroup;
			children = (
				C1DCF6012AE2E4D6008D1A84 /* Controller */,
				C1DCF6002AE2E4D1008D1A84 /* ViewModel */,
				C1DCF5FF2AE2E4CE008D1A84 /* View */,
				C1DCF5FE2AE2E4CB008D1A84 /* Model */,
			);
			path = Customers;
			sourceTree = "<group>";
		};
		C1DCF5F12AE2E270008D1A84 /* Debts */ = {
			isa = PBXGroup;
			children = (
				C1DCF5FD2AE2E4BC008D1A84 /* Controller */,
				C1DCF5FC2AE2E4B7008D1A84 /* ViewModel */,
				C1DCF5FB2AE2E4B2008D1A84 /* View */,
				C1DCF5FA2AE2E4AE008D1A84 /* Model */,
			);
			path = Debts;
			sourceTree = "<group>";
		};
		C1DCF5F22AE2E2F2008D1A84 /* Data */ = {
			isa = PBXGroup;
			children = (
				C17E1FF12AE3FF7A000FE915 /* Userdefault */,
				C17E1FEA2AE3B5D3000FE915 /* Session */,
			);
			path = Data;
			sourceTree = "<group>";
		};
		C1DCF5F32AE2E32B008D1A84 /* Components */ = {
			isa = PBXGroup;
			children = (
				C1F94A522AE82389001D6925 /* Custom */,
				C1DCF6062AE2E505008D1A84 /* Helpers */,
				C1DCF5F42AE2E3A2008D1A84 /* Extension */,
			);
			path = Components;
			sourceTree = "<group>";
		};
		C1DCF5F42AE2E3A2008D1A84 /* Extension */ = {
			isa = PBXGroup;
			children = (
				C1A7053A2AE8FF8900903CA7 /* UIView */,
				C1F6CE322AE7E84300D18D76 /* Image */,
				C1FB7CBC2AE6A033005A1A45 /* UITextField */,
				C1FB7CB32AE66582005A1A45 /* UIColor */,
				C17E1FDB2AE3A0A0000FE915 /* Typealians */,
			);
			path = Extension;
			sourceTree = "<group>";
		};
		C1DCF5F52AE2E3E5008D1A84 /* Base */ = {
			isa = PBXGroup;
			children = (
				C1F6CE312AE7E7CF00D18D76 /* Controller */,
				C1F6CE302AE7E7CC00D18D76 /* ViewModel */,
				C1F6CE2F2AE7E7C900D18D76 /* View */,
				C1F6CE2E2AE7E7C500D18D76 /* Model */,
			);
			path = Base;
			sourceTree = "<group>";
		};
		C1DCF5F62AE2E412008D1A84 /* Model */ = {
			isa = PBXGroup;
			children = (
				C17E1FE82AE3B38A000FE915 /* CashboxModel.swift */,
				C1E188BD2AED07D700E50887 /* CashboxDataModel.swift */,
			);
			path = Model;
			sourceTree = "<group>";
		};
		C1DCF5F72AE2E419008D1A84 /* ViewModel */ = {
			isa = PBXGroup;
			children = (
				C1DCF6192AE2ED21008D1A84 /* CashboxViewModel.swift */,
			);
			path = ViewModel;
			sourceTree = "<group>";
		};
		C1DCF5F82AE2E423008D1A84 /* Controller */ = {
			isa = PBXGroup;
			children = (
				C1DCF6112AE2E5F4008D1A84 /* CashboxViewController.swift */,
			);
			path = Controller;
			sourceTree = "<group>";
		};
		C1DCF5F92AE2E46E008D1A84 /* View */ = {
			isa = PBXGroup;
			children = (
				C17E1FE32AE3A3B4000FE915 /* CashboxTableCell.swift */,
				C184C7DC2AEE4CC000153BD9 /* CashboxTotalAmountView.swift */,
			);
			path = View;
			sourceTree = "<group>";
		};
		C1DCF5FA2AE2E4AE008D1A84 /* Model */ = {
			isa = PBXGroup;
			children = (
				C17E1FED2AE3B82F000FE915 /* DebtModel.swift */,
				C1A705412AE92AF800903CA7 /* DebtDetailModel.swift */,
			);
			path = Model;
			sourceTree = "<group>";
		};
		C1DCF5FB2AE2E4B2008D1A84 /* View */ = {
			isa = PBXGroup;
			children = (
				C1F6CE352AE7EDA900D18D76 /* DebtTableCell.swift */,
				C1A7053F2AE927B300903CA7 /* DebtDetailTableCell.swift */,
				C1A705452AE945BE00903CA7 /* DebtDetailTableFooter.swift */,
			);
			path = View;
			sourceTree = "<group>";
		};
		C1DCF5FC2AE2E4B7008D1A84 /* ViewModel */ = {
			isa = PBXGroup;
			children = (
				C1DCF61B2AE2EDF7008D1A84 /* DebtViewModel.swift */,
				C1A7053D2AE926E700903CA7 /* DebtDetailViewModel.swift */,
				C1FB7CBA2AE6907B005A1A45 /* AddDebtViewModel.swift */,
			);
			path = ViewModel;
			sourceTree = "<group>";
		};
		C1DCF5FD2AE2E4BC008D1A84 /* Controller */ = {
			isa = PBXGroup;
			children = (
				C1DCF6132AE2EA4E008D1A84 /* DebtViewController.swift */,
				C1A7053B2AE926D500903CA7 /* DebtDetailViewController.swift */,
				C1FB7CB82AE69034005A1A45 /* AddDebtViewController.swift */,
			);
			path = Controller;
			sourceTree = "<group>";
		};
		C1DCF5FE2AE2E4CB008D1A84 /* Model */ = {
			isa = PBXGroup;
			children = (
				C1F94A4F2AE817C1001D6925 /* CustomerModel.swift */,
			);
			path = Model;
			sourceTree = "<group>";
		};
		C1DCF5FF2AE2E4CE008D1A84 /* View */ = {
			isa = PBXGroup;
			children = (
				C1FB7CB02AE66019005A1A45 /* TableViewCell */,
			);
			path = View;
			sourceTree = "<group>";
		};
		C1DCF6002AE2E4D1008D1A84 /* ViewModel */ = {
			isa = PBXGroup;
			children = (
				C1DCF61D2AE2EE16008D1A84 /* CustomersViewModel.swift */,
				C17E1FF42AE400A8000FE915 /* AddCustomerViewModel.swift */,
			);
			path = ViewModel;
			sourceTree = "<group>";
		};
		C1DCF6012AE2E4D6008D1A84 /* Controller */ = {
			isa = PBXGroup;
			children = (
				C1DCF6152AE2EA80008D1A84 /* CustomersViewController.swift */,
				C17E1FF22AE40092000FE915 /* AddCustomerViewController.swift */,
			);
			path = Controller;
			sourceTree = "<group>";
		};
		C1DCF6022AE2E4DE008D1A84 /* Model */ = {
			isa = PBXGroup;
			children = (
				C1F94A5B2AE84B14001D6925 /* SettingsModel.swift */,
			);
			path = Model;
			sourceTree = "<group>";
		};
		C1DCF6032AE2E4E3008D1A84 /* View */ = {
			isa = PBXGroup;
			children = (
				C1F94A572AE8468D001D6925 /* SettingsTableHeader.swift */,
				C1F94A592AE847C4001D6925 /* SettingsTableCell.swift */,
			);
			path = View;
			sourceTree = "<group>";
		};
		C1DCF6042AE2E4E7008D1A84 /* ViewModel */ = {
			isa = PBXGroup;
			children = (
				C1DCF61F2AE2EE32008D1A84 /* SettingsViewModel.swift */,
			);
			path = ViewModel;
			sourceTree = "<group>";
		};
		C1DCF6052AE2E4ED008D1A84 /* Controller */ = {
			isa = PBXGroup;
			children = (
				C1DCF6172AE2EAA6008D1A84 /* SettingsViewController.swift */,
			);
			path = Controller;
			sourceTree = "<group>";
		};
		C1DCF6062AE2E505008D1A84 /* Helpers */ = {
			isa = PBXGroup;
			children = (
				C1DCF6082AE2E56C008D1A84 /* AnchorKit */,
			);
			path = Helpers;
			sourceTree = "<group>";
		};
		C1DCF6082AE2E56C008D1A84 /* AnchorKit */ = {
			isa = PBXGroup;
			children = (
				C1DCF6092AE2E56C008D1A84 /* UIStackView.swift */,
				C1DCF60A2AE2E56C008D1A84 /* CircleAnimationKit.swift */,
				C1DCF60B2AE2E56C008D1A84 /* AnchorKit.swift */,
				C1DCF60C2AE2E56C008D1A84 /* UIView+Stacking.swift */,
			);
			path = AnchorKit;
			sourceTree = "<group>";
		};
		C1F6CE2E2AE7E7C500D18D76 /* Model */ = {
			isa = PBXGroup;
			children = (
			);
			path = Model;
			sourceTree = "<group>";
		};
		C1F6CE2F2AE7E7C900D18D76 /* View */ = {
			isa = PBXGroup;
			children = (
				C17E1FE52AE3A426000FE915 /* BaseTableViewCell.swift */,
				C1F94A552AE823C4001D6925 /* BaseView.swift */,
			);
			path = View;
			sourceTree = "<group>";
		};
		C1F6CE302AE7E7CC00D18D76 /* ViewModel */ = {
			isa = PBXGroup;
			children = (
			);
			path = ViewModel;
			sourceTree = "<group>";
		};
		C1F6CE312AE7E7CF00D18D76 /* Controller */ = {
			isa = PBXGroup;
			children = (
				C1DCF5DC2AE2D731008D1A84 /* CustomTabBarController.swift */,
			);
			path = Controller;
			sourceTree = "<group>";
		};
		C1F6CE322AE7E84300D18D76 /* Image */ = {
			isa = PBXGroup;
			children = (
				C1F6CE332AE7E84E00D18D76 /* UIImage+Ext.swift */,
			);
			path = Image;
			sourceTree = "<group>";
		};
		C1F94A522AE82389001D6925 /* Custom */ = {
			isa = PBXGroup;
			children = (
				C1F94A532AE82396001D6925 /* CustomTextField.swift */,
			);
			path = Custom;
			sourceTree = "<group>";
		};
		C1FB7CB02AE66019005A1A45 /* TableViewCell */ = {
			isa = PBXGroup;
			children = (
				C1FB7CB12AE66033005A1A45 /* CustomerTableCell.swift */,
			);
			path = TableViewCell;
			sourceTree = "<group>";
		};
		C1FB7CB32AE66582005A1A45 /* UIColor */ = {
			isa = PBXGroup;
			children = (
				C1FB7CB62AE6659F005A1A45 /* UIColor+Ext.swift */,
			);
			path = UIColor;
			sourceTree = "<group>";
		};
		C1FB7CBC2AE6A033005A1A45 /* UITextField */ = {
			isa = PBXGroup;
			children = (
				C1FB7CBD2AE6A054005A1A45 /* UITextField+Ext.swift */,
			);
			path = UITextField;
			sourceTree = "<group>";
		};
/* End PBXGroup section */

/* Begin PBXNativeTarget section */
		C1DCF5D42AE2D731008D1A84 /* Expenses */ = {
			isa = PBXNativeTarget;
			buildConfigurationList = C1DCF5E92AE2D732008D1A84 /* Build configuration list for PBXNativeTarget "Expenses" */;
			buildPhases = (
				C1DCF5D12AE2D731008D1A84 /* Sources */,
				C1DCF5D22AE2D731008D1A84 /* Frameworks */,
				C1DCF5D32AE2D731008D1A84 /* Resources */,
			);
			buildRules = (
			);
			dependencies = (
			);
			name = Expenses;
			productName = Expenses;
			productReference = C1DCF5D52AE2D731008D1A84 /* Expenses.app */;
			productType = "com.apple.product-type.application";
		};
/* End PBXNativeTarget section */

/* Begin PBXProject section */
		C1DCF5CD2AE2D731008D1A84 /* Project object */ = {
			isa = PBXProject;
			attributes = {
				BuildIndependentTargetsInParallel = 1;
				LastSwiftUpdateCheck = 1430;
				LastUpgradeCheck = 1430;
				TargetAttributes = {
					C1DCF5D42AE2D731008D1A84 = {
						CreatedOnToolsVersion = 14.3.1;
					};
				};
			};
			buildConfigurationList = C1DCF5D02AE2D731008D1A84 /* Build configuration list for PBXProject "Expenses" */;
			compatibilityVersion = "Xcode 14.0";
			developmentRegion = en;
			hasScannedForEncodings = 0;
			knownRegions = (
				en,
				Base,
			);
			mainGroup = C1DCF5CC2AE2D731008D1A84;
			productRefGroup = C1DCF5D62AE2D731008D1A84 /* Products */;
			projectDirPath = "";
			projectRoot = "";
			targets = (
				C1DCF5D42AE2D731008D1A84 /* Expenses */,
			);
		};
/* End PBXProject section */

/* Begin PBXResourcesBuildPhase section */
		C1DCF5D32AE2D731008D1A84 /* Resources */ = {
			isa = PBXResourcesBuildPhase;
			buildActionMask = 2147483647;
			files = (
				C1DCF5E52AE2D732008D1A84 /* LaunchScreen.storyboard in Resources */,
				C1DCF5E22AE2D732008D1A84 /* Assets.xcassets in Resources */,
			);
			runOnlyForDeploymentPostprocessing = 0;
		};
/* End PBXResourcesBuildPhase section */

/* Begin PBXSourcesBuildPhase section */
		C1DCF5D12AE2D731008D1A84 /* Sources */ = {
			isa = PBXSourcesBuildPhase;
			buildActionMask = 2147483647;
			files = (
				C1A7053E2AE926E700903CA7 /* DebtDetailViewModel.swift in Sources */,
				C1F94A5C2AE84B14001D6925 /* SettingsModel.swift in Sources */,
				C17E1FE62AE3A426000FE915 /* BaseTableViewCell.swift in Sources */,
				C1DCF6142AE2EA4E008D1A84 /* DebtViewController.swift in Sources */,
				C1FB7CB22AE66033005A1A45 /* CustomerTableCell.swift in Sources */,
				C1E188BC2AED013200E50887 /* AnchorKit.swift in Sources */,
				C17E1FF32AE40092000FE915 /* AddCustomerViewController.swift in Sources */,
				C17E1FF52AE400A8000FE915 /* AddCustomerViewModel.swift in Sources */,
				C1E188BE2AED07D700E50887 /* CashboxDataModel.swift in Sources */,
				C1DCF5DD2AE2D731008D1A84 /* CustomTabBarController.swift in Sources */,
				C1DCF6182AE2EAA6008D1A84 /* SettingsViewController.swift in Sources */,
				C1FB7CB92AE69034005A1A45 /* AddDebtViewController.swift in Sources */,
				C1DCF5D92AE2D731008D1A84 /* AppDelegate.swift in Sources */,
				C1F94A562AE823C4001D6925 /* BaseView.swift in Sources */,
				C17E1FE92AE3B38A000FE915 /* CashboxModel.swift in Sources */,
				C1FB7CB72AE6659F005A1A45 /* UIColor+Ext.swift in Sources */,
				C1E188B92AED013200E50887 /* UIView+Stacking.swift in Sources */,
				C1A705392AE8FF8300903CA7 /* UIView+Ext.swift in Sources */,
				C1E188BB2AED013200E50887 /* UIStackView.swift in Sources */,
				C1F94A5A2AE847C4001D6925 /* SettingsTableCell.swift in Sources */,
				C1DCF6202AE2EE32008D1A84 /* SettingsViewModel.swift in Sources */,
				C1DCF5DB2AE2D731008D1A84 /* SceneDelegate.swift in Sources */,
				C1F6CE362AE7EDA900D18D76 /* DebtTableCell.swift in Sources */,
				C17E1FE42AE3A3B4000FE915 /* CashboxTableCell.swift in Sources */,
				C1F6CE342AE7E84E00D18D76 /* UIImage+Ext.swift in Sources */,
				C1A705462AE945BE00903CA7 /* DebtDetailTableFooter.swift in Sources */,
				C1F94A502AE817C1001D6925 /* CustomerModel.swift in Sources */,
				C1FB7CBE2AE6A054005A1A45 /* UITextField+Ext.swift in Sources */,
				C1F94A542AE82396001D6925 /* CustomTextField.swift in Sources */,
				C1A705422AE92AF800903CA7 /* DebtDetailModel.swift in Sources */,
				C184C7DD2AEE4CC000153BD9 /* CashboxTotalAmountView.swift in Sources */,
				C1F94A582AE8468D001D6925 /* SettingsTableHeader.swift in Sources */,
				C17E1FDF2AE3A14B000FE915 /* Typealians.swift in Sources */,
				C1E188BA2AED013200E50887 /* CircleAnimationKit.swift in Sources */,
				C1FB7CBB2AE6907B005A1A45 /* AddDebtViewModel.swift in Sources */,
				C1DCF61C2AE2EDF7008D1A84 /* DebtViewModel.swift in Sources */,
				C17E1FEC2AE3B5DD000FE915 /* Session.swift in Sources */,
				C1DCF61E2AE2EE16008D1A84 /* CustomersViewModel.swift in Sources */,
				C1DCF6162AE2EA80008D1A84 /* CustomersViewController.swift in Sources */,
				C1A7053C2AE926D500903CA7 /* DebtDetailViewController.swift in Sources */,
				C1DCF6122AE2E5F4008D1A84 /* CashboxViewController.swift in Sources */,
				C17E1FEE2AE3B82F000FE915 /* DebtModel.swift in Sources */,
				C1DCF61A2AE2ED21008D1A84 /* CashboxViewModel.swift in Sources */,
				C1A705402AE927B300903CA7 /* DebtDetailTableCell.swift in Sources */,
			);
			runOnlyForDeploymentPostprocessing = 0;
		};
/* End PBXSourcesBuildPhase section */

/* Begin PBXVariantGroup section */
		C1DCF5E32AE2D732008D1A84 /* LaunchScreen.storyboard */ = {
			isa = PBXVariantGroup;
			children = (
				C1DCF5E42AE2D732008D1A84 /* Base */,
			);
			name = LaunchScreen.storyboard;
			sourceTree = "<group>";
		};
/* End PBXVariantGroup section */

/* Begin XCBuildConfiguration section */
		C1DCF5E72AE2D732008D1A84 /* Debug */ = {
			isa = XCBuildConfiguration;
			buildSettings = {
				ALWAYS_SEARCH_USER_PATHS = NO;
				CLANG_ANALYZER_NONNULL = YES;
				CLANG_ANALYZER_NUMBER_OBJECT_CONVERSION = YES_AGGRESSIVE;
				CLANG_CXX_LANGUAGE_STANDARD = "gnu++20";
				CLANG_ENABLE_MODULES = YES;
				CLANG_ENABLE_OBJC_ARC = YES;
				CLANG_ENABLE_OBJC_WEAK = YES;
				CLANG_WARN_BLOCK_CAPTURE_AUTORELEASING = YES;
				CLANG_WARN_BOOL_CONVERSION = YES;
				CLANG_WARN_COMMA = YES;
				CLANG_WARN_CONSTANT_CONVERSION = YES;
				CLANG_WARN_DEPRECATED_OBJC_IMPLEMENTATIONS = YES;
				CLANG_WARN_DIRECT_OBJC_ISA_USAGE = YES_ERROR;
				CLANG_WARN_DOCUMENTATION_COMMENTS = YES;
				CLANG_WARN_EMPTY_BODY = YES;
				CLANG_WARN_ENUM_CONVERSION = YES;
				CLANG_WARN_INFINITE_RECURSION = YES;
				CLANG_WARN_INT_CONVERSION = YES;
				CLANG_WARN_NON_LITERAL_NULL_CONVERSION = YES;
				CLANG_WARN_OBJC_IMPLICIT_RETAIN_SELF = YES;
				CLANG_WARN_OBJC_LITERAL_CONVERSION = YES;
				CLANG_WARN_OBJC_ROOT_CLASS = YES_ERROR;
				CLANG_WARN_QUOTED_INCLUDE_IN_FRAMEWORK_HEADER = YES;
				CLANG_WARN_RANGE_LOOP_ANALYSIS = YES;
				CLANG_WARN_STRICT_PROTOTYPES = YES;
				CLANG_WARN_SUSPICIOUS_MOVE = YES;
				CLANG_WARN_UNGUARDED_AVAILABILITY = YES_AGGRESSIVE;
				CLANG_WARN_UNREACHABLE_CODE = YES;
				CLANG_WARN__DUPLICATE_METHOD_MATCH = YES;
				COPY_PHASE_STRIP = NO;
				DEBUG_INFORMATION_FORMAT = dwarf;
				ENABLE_STRICT_OBJC_MSGSEND = YES;
				ENABLE_TESTABILITY = YES;
				GCC_C_LANGUAGE_STANDARD = gnu11;
				GCC_DYNAMIC_NO_PIC = NO;
				GCC_NO_COMMON_BLOCKS = YES;
				GCC_OPTIMIZATION_LEVEL = 0;
				GCC_PREPROCESSOR_DEFINITIONS = (
					"DEBUG=1",
					"$(inherited)",
				);
				GCC_WARN_64_TO_32_BIT_CONVERSION = YES;
				GCC_WARN_ABOUT_RETURN_TYPE = YES_ERROR;
				GCC_WARN_UNDECLARED_SELECTOR = YES;
				GCC_WARN_UNINITIALIZED_AUTOS = YES_AGGRESSIVE;
				GCC_WARN_UNUSED_FUNCTION = YES;
				GCC_WARN_UNUSED_VARIABLE = YES;
				IPHONEOS_DEPLOYMENT_TARGET = 16.4;
				MTL_ENABLE_DEBUG_INFO = INCLUDE_SOURCE;
				MTL_FAST_MATH = YES;
				ONLY_ACTIVE_ARCH = YES;
				SDKROOT = iphoneos;
				SWIFT_ACTIVE_COMPILATION_CONDITIONS = DEBUG;
				SWIFT_OPTIMIZATION_LEVEL = "-Onone";
			};
			name = Debug;
		};
		C1DCF5E82AE2D732008D1A84 /* Release */ = {
			isa = XCBuildConfiguration;
			buildSettings = {
				ALWAYS_SEARCH_USER_PATHS = NO;
				CLANG_ANALYZER_NONNULL = YES;
				CLANG_ANALYZER_NUMBER_OBJECT_CONVERSION = YES_AGGRESSIVE;
				CLANG_CXX_LANGUAGE_STANDARD = "gnu++20";
				CLANG_ENABLE_MODULES = YES;
				CLANG_ENABLE_OBJC_ARC = YES;
				CLANG_ENABLE_OBJC_WEAK = YES;
				CLANG_WARN_BLOCK_CAPTURE_AUTORELEASING = YES;
				CLANG_WARN_BOOL_CONVERSION = YES;
				CLANG_WARN_COMMA = YES;
				CLANG_WARN_CONSTANT_CONVERSION = YES;
				CLANG_WARN_DEPRECATED_OBJC_IMPLEMENTATIONS = YES;
				CLANG_WARN_DIRECT_OBJC_ISA_USAGE = YES_ERROR;
				CLANG_WARN_DOCUMENTATION_COMMENTS = YES;
				CLANG_WARN_EMPTY_BODY = YES;
				CLANG_WARN_ENUM_CONVERSION = YES;
				CLANG_WARN_INFINITE_RECURSION = YES;
				CLANG_WARN_INT_CONVERSION = YES;
				CLANG_WARN_NON_LITERAL_NULL_CONVERSION = YES;
				CLANG_WARN_OBJC_IMPLICIT_RETAIN_SELF = YES;
				CLANG_WARN_OBJC_LITERAL_CONVERSION = YES;
				CLANG_WARN_OBJC_ROOT_CLASS = YES_ERROR;
				CLANG_WARN_QUOTED_INCLUDE_IN_FRAMEWORK_HEADER = YES;
				CLANG_WARN_RANGE_LOOP_ANALYSIS = YES;
				CLANG_WARN_STRICT_PROTOTYPES = YES;
				CLANG_WARN_SUSPICIOUS_MOVE = YES;
				CLANG_WARN_UNGUARDED_AVAILABILITY = YES_AGGRESSIVE;
				CLANG_WARN_UNREACHABLE_CODE = YES;
				CLANG_WARN__DUPLICATE_METHOD_MATCH = YES;
				COPY_PHASE_STRIP = NO;
				DEBUG_INFORMATION_FORMAT = "dwarf-with-dsym";
				ENABLE_NS_ASSERTIONS = NO;
				ENABLE_STRICT_OBJC_MSGSEND = YES;
				GCC_C_LANGUAGE_STANDARD = gnu11;
				GCC_NO_COMMON_BLOCKS = YES;
				GCC_WARN_64_TO_32_BIT_CONVERSION = YES;
				GCC_WARN_ABOUT_RETURN_TYPE = YES_ERROR;
				GCC_WARN_UNDECLARED_SELECTOR = YES;
				GCC_WARN_UNINITIALIZED_AUTOS = YES_AGGRESSIVE;
				GCC_WARN_UNUSED_FUNCTION = YES;
				GCC_WARN_UNUSED_VARIABLE = YES;
				IPHONEOS_DEPLOYMENT_TARGET = 16.4;
				MTL_ENABLE_DEBUG_INFO = NO;
				MTL_FAST_MATH = YES;
				SDKROOT = iphoneos;
				SWIFT_COMPILATION_MODE = wholemodule;
				SWIFT_OPTIMIZATION_LEVEL = "-O";
				VALIDATE_PRODUCT = YES;
			};
			name = Release;
		};
		C1DCF5EA2AE2D732008D1A84 /* Debug */ = {
			isa = XCBuildConfiguration;
			buildSettings = {
				ASSETCATALOG_COMPILER_APPICON_NAME = AppIcon;
				ASSETCATALOG_COMPILER_GLOBAL_ACCENT_COLOR_NAME = AccentColor;
				CODE_SIGN_STYLE = Automatic;
				CURRENT_PROJECT_VERSION = 1;
				GENERATE_INFOPLIST_FILE = YES;
				INFOPLIST_FILE = Expenses/App/Info.plist;
				INFOPLIST_KEY_UIApplicationSupportsIndirectInputEvents = YES;
				INFOPLIST_KEY_UILaunchStoryboardName = LaunchScreen;
				INFOPLIST_KEY_UISupportedInterfaceOrientations_iPad = "UIInterfaceOrientationPortrait UIInterfaceOrientationPortraitUpsideDown UIInterfaceOrientationLandscapeLeft UIInterfaceOrientationLandscapeRight";
				INFOPLIST_KEY_UISupportedInterfaceOrientations_iPhone = "UIInterfaceOrientationPortrait UIInterfaceOrientationLandscapeLeft UIInterfaceOrientationLandscapeRight";
				LD_RUNPATH_SEARCH_PATHS = (
					"$(inherited)",
					"@executable_path/Frameworks",
				);
				MARKETING_VERSION = 1.0;
				PRODUCT_BUNDLE_IDENTIFIER = com.zaur.Expenses;
				PRODUCT_NAME = "$(TARGET_NAME)";
				SUPPORTED_PLATFORMS = "iphoneos iphonesimulator";
				SUPPORTS_MACCATALYST = NO;
				SUPPORTS_MAC_DESIGNED_FOR_IPHONE_IPAD = NO;
				SWIFT_EMIT_LOC_STRINGS = YES;
				SWIFT_VERSION = 5.0;
				TARGETED_DEVICE_FAMILY = 1;
			};
			name = Debug;
		};
		C1DCF5EB2AE2D732008D1A84 /* Release */ = {
			isa = XCBuildConfiguration;
			buildSettings = {
				ASSETCATALOG_COMPILER_APPICON_NAME = AppIcon;
				ASSETCATALOG_COMPILER_GLOBAL_ACCENT_COLOR_NAME = AccentColor;
				CODE_SIGN_STYLE = Automatic;
				CURRENT_PROJECT_VERSION = 1;
				GENERATE_INFOPLIST_FILE = YES;
				INFOPLIST_FILE = Expenses/App/Info.plist;
				INFOPLIST_KEY_UIApplicationSupportsIndirectInputEvents = YES;
				INFOPLIST_KEY_UILaunchStoryboardName = LaunchScreen;
				INFOPLIST_KEY_UISupportedInterfaceOrientations_iPad = "UIInterfaceOrientationPortrait UIInterfaceOrientationPortraitUpsideDown UIInterfaceOrientationLandscapeLeft UIInterfaceOrientationLandscapeRight";
				INFOPLIST_KEY_UISupportedInterfaceOrientations_iPhone = "UIInterfaceOrientationPortrait UIInterfaceOrientationLandscapeLeft UIInterfaceOrientationLandscapeRight";
				LD_RUNPATH_SEARCH_PATHS = (
					"$(inherited)",
					"@executable_path/Frameworks",
				);
				MARKETING_VERSION = 1.0;
				PRODUCT_BUNDLE_IDENTIFIER = com.zaur.Expenses;
				PRODUCT_NAME = "$(TARGET_NAME)";
				SUPPORTED_PLATFORMS = "iphoneos iphonesimulator";
				SUPPORTS_MACCATALYST = NO;
				SUPPORTS_MAC_DESIGNED_FOR_IPHONE_IPAD = NO;
				SWIFT_EMIT_LOC_STRINGS = YES;
				SWIFT_VERSION = 5.0;
				TARGETED_DEVICE_FAMILY = 1;
			};
			name = Release;
		};
/* End XCBuildConfiguration section */

/* Begin XCConfigurationList section */
		C1DCF5D02AE2D731008D1A84 /* Build configuration list for PBXProject "Expenses" */ = {
			isa = XCConfigurationList;
			buildConfigurations = (
				C1DCF5E72AE2D732008D1A84 /* Debug */,
				C1DCF5E82AE2D732008D1A84 /* Release */,
			);
			defaultConfigurationIsVisible = 0;
			defaultConfigurationName = Release;
		};
		C1DCF5E92AE2D732008D1A84 /* Build configuration list for PBXNativeTarget "Expenses" */ = {
			isa = XCConfigurationList;
			buildConfigurations = (
				C1DCF5EA2AE2D732008D1A84 /* Debug */,
				C1DCF5EB2AE2D732008D1A84 /* Release */,
			);
			defaultConfigurationIsVisible = 0;
			defaultConfigurationName = Release;
		};
/* End XCConfigurationList section */
	};
	rootObject = C1DCF5CD2AE2D731008D1A84 /* Project object */;
}
